// !$*UTF8*$!
{
	archiveVersion = 1;
	classes = {
	};
	objectVersion = 50;
	objects = {

/* Begin PBXBuildFile section */
		E3B09B0022B1F6A60074658F /* AppDelegate.swift in Sources */ = {isa = PBXBuildFile; fileRef = E3B09AFF22B1F6A60074658F /* AppDelegate.swift */; };
		E3B09B0222B1F6A60074658F /* SceneDelegate.swift in Sources */ = {isa = PBXBuildFile; fileRef = E3B09B0122B1F6A60074658F /* SceneDelegate.swift */; };
		E3B09B0522B1F6A60074658F /* TravelPlaces.xcdatamodeld in Sources */ = {isa = PBXBuildFile; fileRef = E3B09B0322B1F6A60074658F /* TravelPlaces.xcdatamodeld */; };
		E3B09B0722B1F6A60074658F /* ContentView.swift in Sources */ = {isa = PBXBuildFile; fileRef = E3B09B0622B1F6A60074658F /* ContentView.swift */; };
		E3B09B0922B1F6A80074658F /* Assets.xcassets in Resources */ = {isa = PBXBuildFile; fileRef = E3B09B0822B1F6A80074658F /* Assets.xcassets */; };
		E3B09B0C22B1F6A80074658F /* Preview Assets.xcassets in Resources */ = {isa = PBXBuildFile; fileRef = E3B09B0B22B1F6A80074658F /* Preview Assets.xcassets */; };
		E3B09B0F22B1F6A80074658F /* LaunchScreen.storyboard in Resources */ = {isa = PBXBuildFile; fileRef = E3B09B0D22B1F6A80074658F /* LaunchScreen.storyboard */; };
		E3B09B1A22B1F6A80074658F /* TravelPlacesTests.swift in Sources */ = {isa = PBXBuildFile; fileRef = E3B09B1922B1F6A80074658F /* TravelPlacesTests.swift */; };
		E3B09B2522B1F6A80074658F /* TravelPlacesUITests.swift in Sources */ = {isa = PBXBuildFile; fileRef = E3B09B2422B1F6A80074658F /* TravelPlacesUITests.swift */; };
/* End PBXBuildFile section */

/* Begin PBXContainerItemProxy section */
		E3B09B1622B1F6A80074658F /* PBXContainerItemProxy */ = {
			isa = PBXContainerItemProxy;
			containerPortal = E3B09AF422B1F6A60074658F /* Project object */;
			proxyType = 1;
			remoteGlobalIDString = E3B09AFB22B1F6A60074658F;
			remoteInfo = TravelPlaces;
		};
		E3B09B2122B1F6A80074658F /* PBXContainerItemProxy */ = {
			isa = PBXContainerItemProxy;
			containerPortal = E3B09AF422B1F6A60074658F /* Project object */;
			proxyType = 1;
			remoteGlobalIDString = E3B09AFB22B1F6A60074658F;
			remoteInfo = TravelPlaces;
		};
/* End PBXContainerItemProxy section */

/* Begin PBXFileReference section */
		E3B09AFC22B1F6A60074658F /* TravelPlaces.app */ = {isa = PBXFileReference; explicitFileType = wrapper.application; includeInIndex = 0; path = TravelPlaces.app; sourceTree = BUILT_PRODUCTS_DIR; };
		E3B09AFF22B1F6A60074658F /* AppDelegate.swift */ = {isa = PBXFileReference; lastKnownFileType = sourcecode.swift; path = AppDelegate.swift; sourceTree = "<group>"; };
		E3B09B0122B1F6A60074658F /* SceneDelegate.swift */ = {isa = PBXFileReference; lastKnownFileType = sourcecode.swift; path = SceneDelegate.swift; sourceTree = "<group>"; };
		E3B09B0422B1F6A60074658F /* TravelPlaces.xcdatamodel */ = {isa = PBXFileReference; lastKnownFileType = wrapper.xcdatamodel; path = TravelPlaces.xcdatamodel; sourceTree = "<group>"; };
		E3B09B0622B1F6A60074658F /* ContentView.swift */ = {isa = PBXFileReference; lastKnownFileType = sourcecode.swift; path = ContentView.swift; sourceTree = "<group>"; };
		E3B09B0822B1F6A80074658F /* Assets.xcassets */ = {isa = PBXFileReference; lastKnownFileType = folder.assetcatalog; path = Assets.xcassets; sourceTree = "<group>"; };
		E3B09B0B22B1F6A80074658F /* Preview Assets.xcassets */ = {isa = PBXFileReference; lastKnownFileType = folder.assetcatalog; path = "Preview Assets.xcassets"; sourceTree = "<group>"; };
		E3B09B0E22B1F6A80074658F /* Base */ = {isa = PBXFileReference; lastKnownFileType = file.storyboard; name = Base; path = Base.lproj/LaunchScreen.storyboard; sourceTree = "<group>"; };
		E3B09B1022B1F6A80074658F /* Info.plist */ = {isa = PBXFileReference; lastKnownFileType = text.plist.xml; path = Info.plist; sourceTree = "<group>"; };
		E3B09B1522B1F6A80074658F /* TravelPlacesTests.xctest */ = {isa = PBXFileReference; explicitFileType = wrapper.cfbundle; includeInIndex = 0; path = TravelPlacesTests.xctest; sourceTree = BUILT_PRODUCTS_DIR; };
		E3B09B1922B1F6A80074658F /* TravelPlacesTests.swift */ = {isa = PBXFileReference; lastKnownFileType = sourcecode.swift; path = TravelPlacesTests.swift; sourceTree = "<group>"; };
		E3B09B1B22B1F6A80074658F /* Info.plist */ = {isa = PBXFileReference; lastKnownFileType = text.plist.xml; path = Info.plist; sourceTree = "<group>"; };
		E3B09B2022B1F6A80074658F /* TravelPlacesUITests.xctest */ = {isa = PBXFileReference; explicitFileType = wrapper.cfbundle; includeInIndex = 0; path = TravelPlacesUITests.xctest; sourceTree = BUILT_PRODUCTS_DIR; };
		E3B09B2422B1F6A80074658F /* TravelPlacesUITests.swift */ = {isa = PBXFileReference; lastKnownFileType = sourcecode.swift; path = TravelPlacesUITests.swift; sourceTree = "<group>"; };
		E3B09B2622B1F6A80074658F /* Info.plist */ = {isa = PBXFileReference; lastKnownFileType = text.plist.xml; path = Info.plist; sourceTree = "<group>"; };
/* End PBXFileReference section */

/* Begin PBXFrameworksBuildPhase section */
		E3B09AF922B1F6A60074658F /* Frameworks */ = {
			isa = PBXFrameworksBuildPhase;
			buildActionMask = 2147483647;
			files = (
			);
			runOnlyForDeploymentPostprocessing = 0;
		};
		E3B09B1222B1F6A80074658F /* Frameworks */ = {
			isa = PBXFrameworksBuildPhase;
			buildActionMask = 2147483647;
			files = (
			);
			runOnlyForDeploymentPostprocessing = 0;
		};
		E3B09B1D22B1F6A80074658F /* Frameworks */ = {
			isa = PBXFrameworksBuildPhase;
			buildActionMask = 2147483647;
			files = (
			);
			runOnlyForDeploymentPostprocessing = 0;
		};
/* End PBXFrameworksBuildPhase section */

/* Begin PBXGroup section */
		E3B09AF322B1F6A60074658F = {
			isa = PBXGroup;
			children = (
				E3B09AFE22B1F6A60074658F /* TravelPlaces */,
				E3B09B1822B1F6A80074658F /* TravelPlacesTests */,
				E3B09B2322B1F6A80074658F /* TravelPlacesUITests */,
				E3B09AFD22B1F6A60074658F /* Products */,
			);
			sourceTree = "<group>";
		};
		E3B09AFD22B1F6A60074658F /* Products */ = {
			isa = PBXGroup;
			children = (
				E3B09AFC22B1F6A60074658F /* TravelPlaces.app */,
				E3B09B1522B1F6A80074658F /* TravelPlacesTests.xctest */,
				E3B09B2022B1F6A80074658F /* TravelPlacesUITests.xctest */,
			);
			name = Products;
			sourceTree = "<group>";
		};
		E3B09AFE22B1F6A60074658F /* TravelPlaces */ = {
			isa = PBXGroup;
			children = (
				E3B09AFF22B1F6A60074658F /* AppDelegate.swift */,
				E3B09B0122B1F6A60074658F /* SceneDelegate.swift */,
				E3B09B0622B1F6A60074658F /* ContentView.swift */,
				E3B09B0822B1F6A80074658F /* Assets.xcassets */,
				E3B09B0D22B1F6A80074658F /* LaunchScreen.storyboard */,
				E3B09B1022B1F6A80074658F /* Info.plist */,
				E3B09B0322B1F6A60074658F /* TravelPlaces.xcdatamodeld */,
				E3B09B0A22B1F6A80074658F /* Preview Content */,
			);
			path = TravelPlaces;
			sourceTree = "<group>";
		};
		E3B09B0A22B1F6A80074658F /* Preview Content */ = {
			isa = PBXGroup;
			children = (
				E3B09B0B22B1F6A80074658F /* Preview Assets.xcassets */,
			);
			path = "Preview Content";
			sourceTree = "<group>";
		};
		E3B09B1822B1F6A80074658F /* TravelPlacesTests */ = {
			isa = PBXGroup;
			children = (
				E3B09B1922B1F6A80074658F /* TravelPlacesTests.swift */,
				E3B09B1B22B1F6A80074658F /* Info.plist */,
			);
			path = TravelPlacesTests;
			sourceTree = "<group>";
		};
		E3B09B2322B1F6A80074658F /* TravelPlacesUITests */ = {
			isa = PBXGroup;
			children = (
				E3B09B2422B1F6A80074658F /* TravelPlacesUITests.swift */,
				E3B09B2622B1F6A80074658F /* Info.plist */,
			);
			path = TravelPlacesUITests;
			sourceTree = "<group>";
		};
/* End PBXGroup section */

/* Begin PBXNativeTarget section */
		E3B09AFB22B1F6A60074658F /* TravelPlaces */ = {
			isa = PBXNativeTarget;
			buildConfigurationList = E3B09B2922B1F6A80074658F /* Build configuration list for PBXNativeTarget "TravelPlaces" */;
			buildPhases = (
				E3B09AF822B1F6A60074658F /* Sources */,
				E3B09AF922B1F6A60074658F /* Frameworks */,
				E3B09AFA22B1F6A60074658F /* Resources */,
			);
			buildRules = (
			);
			dependencies = (
			);
			name = TravelPlaces;
			productName = TravelPlaces;
			productReference = E3B09AFC22B1F6A60074658F /* TravelPlaces.app */;
			productType = "com.apple.product-type.application";
		};
		E3B09B1422B1F6A80074658F /* TravelPlacesTests */ = {
			isa = PBXNativeTarget;
			buildConfigurationList = E3B09B2C22B1F6A80074658F /* Build configuration list for PBXNativeTarget "TravelPlacesTests" */;
			buildPhases = (
				E3B09B1122B1F6A80074658F /* Sources */,
				E3B09B1222B1F6A80074658F /* Frameworks */,
				E3B09B1322B1F6A80074658F /* Resources */,
			);
			buildRules = (
			);
			dependencies = (
				E3B09B1722B1F6A80074658F /* PBXTargetDependency */,
			);
			name = TravelPlacesTests;
			productName = TravelPlacesTests;
			productReference = E3B09B1522B1F6A80074658F /* TravelPlacesTests.xctest */;
			productType = "com.apple.product-type.bundle.unit-test";
		};
		E3B09B1F22B1F6A80074658F /* TravelPlacesUITests */ = {
			isa = PBXNativeTarget;
			buildConfigurationList = E3B09B2F22B1F6A80074658F /* Build configuration list for PBXNativeTarget "TravelPlacesUITests" */;
			buildPhases = (
				E3B09B1C22B1F6A80074658F /* Sources */,
				E3B09B1D22B1F6A80074658F /* Frameworks */,
				E3B09B1E22B1F6A80074658F /* Resources */,
			);
			buildRules = (
			);
			dependencies = (
				E3B09B2222B1F6A80074658F /* PBXTargetDependency */,
			);
			name = TravelPlacesUITests;
			productName = TravelPlacesUITests;
			productReference = E3B09B2022B1F6A80074658F /* TravelPlacesUITests.xctest */;
			productType = "com.apple.product-type.bundle.ui-testing";
		};
/* End PBXNativeTarget section */

/* Begin PBXProject section */
		E3B09AF422B1F6A60074658F /* Project object */ = {
			isa = PBXProject;
			attributes = {
				LastSwiftUpdateCheck = 1100;
				LastUpgradeCheck = 1100;
				ORGANIZATIONNAME = "Karen Weis";
				TargetAttributes = {
					E3B09AFB22B1F6A60074658F = {
						CreatedOnToolsVersion = 11.0;
					};
					E3B09B1422B1F6A80074658F = {
						CreatedOnToolsVersion = 11.0;
						TestTargetID = E3B09AFB22B1F6A60074658F;
					};
					E3B09B1F22B1F6A80074658F = {
						CreatedOnToolsVersion = 11.0;
						TestTargetID = E3B09AFB22B1F6A60074658F;
					};
				};
			};
			buildConfigurationList = E3B09AF722B1F6A60074658F /* Build configuration list for PBXProject "TravelPlaces" */;
			compatibilityVersion = "Xcode 9.3";
			developmentRegion = en;
			hasScannedForEncodings = 0;
			knownRegions = (
				en,
				Base,
			);
			mainGroup = E3B09AF322B1F6A60074658F;
			productRefGroup = E3B09AFD22B1F6A60074658F /* Products */;
			projectDirPath = "";
			projectRoot = "";
			targets = (
				E3B09AFB22B1F6A60074658F /* TravelPlaces */,
				E3B09B1422B1F6A80074658F /* TravelPlacesTests */,
				E3B09B1F22B1F6A80074658F /* TravelPlacesUITests */,
			);
		};
/* End PBXProject section */

/* Begin PBXResourcesBuildPhase section */
		E3B09AFA22B1F6A60074658F /* Resources */ = {
			isa = PBXResourcesBuildPhase;
			buildActionMask = 2147483647;
			files = (
				E3B09B0F22B1F6A80074658F /* LaunchScreen.storyboard in Resources */,
				E3B09B0C22B1F6A80074658F /* Preview Assets.xcassets in Resources */,
				E3B09B0922B1F6A80074658F /* Assets.xcassets in Resources */,
			);
			runOnlyForDeploymentPostprocessing = 0;
		};
		E3B09B1322B1F6A80074658F /* Resources */ = {
			isa = PBXResourcesBuildPhase;
			buildActionMask = 2147483647;
			files = (
			);
			runOnlyForDeploymentPostprocessing = 0;
		};
		E3B09B1E22B1F6A80074658F /* Resources */ = {
			isa = PBXResourcesBuildPhase;
			buildActionMask = 2147483647;
			files = (
			);
			runOnlyForDeploymentPostprocessing = 0;
		};
/* End PBXResourcesBuildPhase section */

/* Begin PBXSourcesBuildPhase section */
		E3B09AF822B1F6A60074658F /* Sources */ = {
			isa = PBXSourcesBuildPhase;
			buildActionMask = 2147483647;
			files = (
				E3B09B0522B1F6A60074658F /* TravelPlaces.xcdatamodeld in Sources */,
				E3B09B0022B1F6A60074658F /* AppDelegate.swift in Sources */,
				E3B09B0722B1F6A60074658F /* ContentView.swift in Sources */,
				E3B09B0222B1F6A60074658F /* SceneDelegate.swift in Sources */,
			);
			runOnlyForDeploymentPostprocessing = 0;
		};
		E3B09B1122B1F6A80074658F /* Sources */ = {
			isa = PBXSourcesBuildPhase;
			buildActionMask = 2147483647;
			files = (
				E3B09B1A22B1F6A80074658F /* TravelPlacesTests.swift in Sources */,
			);
			runOnlyForDeploymentPostprocessing = 0;
		};
		E3B09B1C22B1F6A80074658F /* Sources */ = {
			isa = PBXSourcesBuildPhase;
			buildActionMask = 2147483647;
			files = (
				E3B09B2522B1F6A80074658F /* TravelPlacesUITests.swift in Sources */,
			);
			runOnlyForDeploymentPostprocessing = 0;
		};
/* End PBXSourcesBuildPhase section */

/* Begin PBXTargetDependency section */
		E3B09B1722B1F6A80074658F /* PBXTargetDependency */ = {
			isa = PBXTargetDependency;
			target = E3B09AFB22B1F6A60074658F /* TravelPlaces */;
			targetProxy = E3B09B1622B1F6A80074658F /* PBXContainerItemProxy */;
		};
		E3B09B2222B1F6A80074658F /* PBXTargetDependency */ = {
			isa = PBXTargetDependency;
			target = E3B09AFB22B1F6A60074658F /* TravelPlaces */;
			targetProxy = E3B09B2122B1F6A80074658F /* PBXContainerItemProxy */;
		};
/* End PBXTargetDependency section */

/* Begin PBXVariantGroup section */
		E3B09B0D22B1F6A80074658F /* LaunchScreen.storyboard */ = {
			isa = PBXVariantGroup;
			children = (
				E3B09B0E22B1F6A80074658F /* Base */,
			);
			name = LaunchScreen.storyboard;
			sourceTree = "<group>";
		};
/* End PBXVariantGroup section */

/* Begin XCBuildConfiguration section */
		E3B09B2722B1F6A80074658F /* Debug */ = {
			isa = XCBuildConfiguration;
			buildSettings = {
				ALWAYS_SEARCH_USER_PATHS = NO;
				CLANG_ANALYZER_NONNULL = YES;
				CLANG_ANALYZER_NUMBER_OBJECT_CONVERSION = YES_AGGRESSIVE;
				CLANG_CXX_LANGUAGE_STANDARD = "gnu++14";
				CLANG_CXX_LIBRARY = "libc++";
				CLANG_ENABLE_MODULES = YES;
				CLANG_ENABLE_OBJC_ARC = YES;
				CLANG_ENABLE_OBJC_WEAK = YES;
				CLANG_WARN_BLOCK_CAPTURE_AUTORELEASING = YES;
				CLANG_WARN_BOOL_CONVERSION = YES;
				CLANG_WARN_COMMA = YES;
				CLANG_WARN_CONSTANT_CONVERSION = YES;
				CLANG_WARN_DEPRECATED_OBJC_IMPLEMENTATIONS = YES;
				CLANG_WARN_DIRECT_OBJC_ISA_USAGE = YES_ERROR;
				CLANG_WARN_DOCUMENTATION_COMMENTS = YES;
				CLANG_WARN_EMPTY_BODY = YES;
				CLANG_WARN_ENUM_CONVERSION = YES;
				CLANG_WARN_INFINITE_RECURSION = YES;
				CLANG_WARN_INT_CONVERSION = YES;
				CLANG_WARN_NON_LITERAL_NULL_CONVERSION = YES;
				CLANG_WARN_OBJC_IMPLICIT_RETAIN_SELF = YES;
				CLANG_WARN_OBJC_LITERAL_CONVERSION = YES;
				CLANG_WARN_OBJC_ROOT_CLASS = YES_ERROR;
				CLANG_WARN_RANGE_LOOP_ANALYSIS = YES;
				CLANG_WARN_STRICT_PROTOTYPES = YES;
				CLANG_WARN_SUSPICIOUS_MOVE = YES;
				CLANG_WARN_UNGUARDED_AVAILABILITY = YES_AGGRESSIVE;
				CLANG_WARN_UNREACHABLE_CODE = YES;
				CLANG_WARN__DUPLICATE_METHOD_MATCH = YES;
				COPY_PHASE_STRIP = NO;
				DEBUG_INFORMATION_FORMAT = dwarf;
				ENABLE_STRICT_OBJC_MSGSEND = YES;
				ENABLE_TESTABILITY = YES;
				GCC_C_LANGUAGE_STANDARD = gnu11;
				GCC_DYNAMIC_NO_PIC = NO;
				GCC_NO_COMMON_BLOCKS = YES;
				GCC_OPTIMIZATION_LEVEL = 0;
				GCC_PREPROCESSOR_DEFINITIONS = (
					"DEBUG=1",
					"$(inherited)",
				);
				GCC_WARN_64_TO_32_BIT_CONVERSION = YES;
				GCC_WARN_ABOUT_RETURN_TYPE = YES_ERROR;
				GCC_WARN_UNDECLARED_SELECTOR = YES;
				GCC_WARN_UNINITIALIZED_AUTOS = YES_AGGRESSIVE;
				GCC_WARN_UNUSED_FUNCTION = YES;
				GCC_WARN_UNUSED_VARIABLE = YES;
				IPHONEOS_DEPLOYMENT_TARGET = 13.0;
				MTL_ENABLE_DEBUG_INFO = INCLUDE_SOURCE;
				MTL_FAST_MATH = YES;
				ONLY_ACTIVE_ARCH = YES;
				SDKROOT = iphoneos;
				SWIFT_ACTIVE_COMPILATION_CONDITIONS = DEBUG;
				SWIFT_OPTIMIZATION_LEVEL = "-Onone";
			};
			name = Debug;
		};
		E3B09B2822B1F6A80074658F /* Release */ = {
			isa = XCBuildConfiguration;
			buildSettings = {
				ALWAYS_SEARCH_USER_PATHS = NO;
				CLANG_ANALYZER_NONNULL = YES;
				CLANG_ANALYZER_NUMBER_OBJECT_CONVERSION = YES_AGGRESSIVE;
				CLANG_CXX_LANGUAGE_STANDARD = "gnu++14";
				CLANG_CXX_LIBRARY = "libc++";
				CLANG_ENABLE_MODULES = YES;
				CLANG_ENABLE_OBJC_ARC = YES;
				CLANG_ENABLE_OBJC_WEAK = YES;
				CLANG_WARN_BLOCK_CAPTURE_AUTORELEASING = YES;
				CLANG_WARN_BOOL_CONVERSION = YES;
				CLANG_WARN_COMMA = YES;
				CLANG_WARN_CONSTANT_CONVERSION = YES;
				CLANG_WARN_DEPRECATED_OBJC_IMPLEMENTATIONS = YES;
				CLANG_WARN_DIRECT_OBJC_ISA_USAGE = YES_ERROR;
				CLANG_WARN_DOCUMENTATION_COMMENTS = YES;
				CLANG_WARN_EMPTY_BODY = YES;
				CLANG_WARN_ENUM_CONVERSION = YES;
				CLANG_WARN_INFINITE_RECURSION = YES;
				CLANG_WARN_INT_CONVERSION = YES;
				CLANG_WARN_NON_LITERAL_NULL_CONVERSION = YES;
				CLANG_WARN_OBJC_IMPLICIT_RETAIN_SELF = YES;
				CLANG_WARN_OBJC_LITERAL_CONVERSION = YES;
				CLANG_WARN_OBJC_ROOT_CLASS = YES_ERROR;
				CLANG_WARN_RANGE_LOOP_ANALYSIS = YES;
				CLANG_WARN_STRICT_PROTOTYPES = YES;
				CLANG_WARN_SUSPICIOUS_MOVE = YES;
				CLANG_WARN_UNGUARDED_AVAILABILITY = YES_AGGRESSIVE;
				CLANG_WARN_UNREACHABLE_CODE = YES;
				CLANG_WARN__DUPLICATE_METHOD_MATCH = YES;
				COPY_PHASE_STRIP = NO;
				DEBUG_INFORMATION_FORMAT = "dwarf-with-dsym";
				ENABLE_NS_ASSERTIONS = NO;
				ENABLE_STRICT_OBJC_MSGSEND = YES;
				GCC_C_LANGUAGE_STANDARD = gnu11;
				GCC_NO_COMMON_BLOCKS = YES;
				GCC_WARN_64_TO_32_BIT_CONVERSION = YES;
				GCC_WARN_ABOUT_RETURN_TYPE = YES_ERROR;
				GCC_WARN_UNDECLARED_SELECTOR = YES;
				GCC_WARN_UNINITIALIZED_AUTOS = YES_AGGRESSIVE;
				GCC_WARN_UNUSED_FUNCTION = YES;
				GCC_WARN_UNUSED_VARIABLE = YES;
				IPHONEOS_DEPLOYMENT_TARGET = 13.0;
				MTL_ENABLE_DEBUG_INFO = NO;
				MTL_FAST_MATH = YES;
				SDKROOT = iphoneos;
				SWIFT_COMPILATION_MODE = wholemodule;
				SWIFT_OPTIMIZATION_LEVEL = "-O";
				VALIDATE_PRODUCT = YES;
			};
			name = Release;
		};
		E3B09B2A22B1F6A80074658F /* Debug */ = {
			isa = XCBuildConfiguration;
			buildSettings = {
				ASSETCATALOG_COMPILER_APPICON_NAME = AppIcon;
				CODE_SIGN_STYLE = Automatic;
				DEVELOPMENT_ASSET_PATHS = "TravelPlaces/Preview\\ Content";
				DEVELOPMENT_TEAM = 8NNVLXG34V;
				ENABLE_PREVIEWS = YES;
				INFOPLIST_FILE = TravelPlaces/Info.plist;
				LD_RUNPATH_SEARCH_PATHS = (
					"$(inherited)",
					"@executable_path/Frameworks",
				);
				PRODUCT_BUNDLE_IDENTIFIER = com.karenweis.TravelPlaces;
				PRODUCT_NAME = "$(TARGET_NAME)";
				SWIFT_VERSION = 5.0;
				TARGETED_DEVICE_FAMILY = "1,2";
			};
			name = Debug;
		};
		E3B09B2B22B1F6A80074658F /* Release */ = {
			isa = XCBuildConfiguration;
			buildSettings = {
				ASSETCATALOG_COMPILER_APPICON_NAME = AppIcon;
				CODE_SIGN_STYLE = Automatic;
				DEVELOPMENT_ASSET_PATHS = "TravelPlaces/Preview\\ Content";
				DEVELOPMENT_TEAM = 8NNVLXG34V;
				ENABLE_PREVIEWS = YES;
				INFOPLIST_FILE = TravelPlaces/Info.plist;
				LD_RUNPATH_SEARCH_PATHS = (
					"$(inherited)",
					"@executable_path/Frameworks",
				);
				PRODUCT_BUNDLE_IDENTIFIER = com.karenweis.TravelPlaces;
				PRODUCT_NAME = "$(TARGET_NAME)";
				SWIFT_VERSION = 5.0;
				TARGETED_DEVICE_FAMILY = "1,2";
			};
			name = Release;
		};
		E3B09B2D22B1F6A80074658F /* Debug */ = {
			isa = XCBuildConfiguration;
			buildSettings = {
				ALWAYS_EMBED_SWIFT_STANDARD_LIBRARIES = YES;
				BUNDLE_LOADER = "$(TEST_HOST)";
				CODE_SIGN_STYLE = Automatic;
				DEVELOPMENT_TEAM = 8NNVLXG34V;
				INFOPLIST_FILE = TravelPlacesTests/Info.plist;
				LD_RUNPATH_SEARCH_PATHS = (
					"$(inherited)",
					"@executable_path/Frameworks",
					"@loader_path/Frameworks",
				);
				PRODUCT_BUNDLE_IDENTIFIER = com.karenweis.TravelPlacesTests;
				PRODUCT_NAME = "$(TARGET_NAME)";
				SWIFT_VERSION = 5.0;
				TARGETED_DEVICE_FAMILY = "1,2";
				TEST_HOST = "$(BUILT_PRODUCTS_DIR)/TravelPlaces.app/TravelPlaces";
			};
			name = Debug;
		};
		E3B09B2E22B1F6A80074658F /* Release */ = {
			isa = XCBuildConfiguration;
			buildSettings = {
				ALWAYS_EMBED_SWIFT_STANDARD_LIBRARIES = YES;
				BUNDLE_LOADER = "$(TEST_HOST)";
				CODE_SIGN_STYLE = Automatic;
				DEVELOPMENT_TEAM = 8NNVLXG34V;
				INFOPLIST_FILE = TravelPlacesTests/Info.plist;
				LD_RUNPATH_SEARCH_PATHS = (
					"$(inherited)",
					"@executable_path/Frameworks",
					"@loader_path/Frameworks",
				);
				PRODUCT_BUNDLE_IDENTIFIER = com.karenweis.TravelPlacesTests;
				PRODUCT_NAME = "$(TARGET_NAME)";
				SWIFT_VERSION = 5.0;
				TARGETED_DEVICE_FAMILY = "1,2";
				TEST_HOST = "$(BUILT_PRODUCTS_DIR)/TravelPlaces.app/TravelPlaces";
			};
			name = Release;
		};
		E3B09B3022B1F6A80074658F /* Debug */ = {
			isa = XCBuildConfiguration;
			buildSettings = {
				ALWAYS_EMBED_SWIFT_STANDARD_LIBRARIES = YES;
				CODE_SIGN_STYLE = Automatic;
				DEVELOPMENT_TEAM = 8NNVLXG34V;
				INFOPLIST_FILE = TravelPlacesUITests/Info.plist;
				LD_RUNPATH_SEARCH_PATHS = (
					"$(inherited)",
					"@executable_path/Frameworks",
					"@loader_path/Frameworks",
				);
				PRODUCT_BUNDLE_IDENTIFIER = com.karenweis.TravelPlacesUITests;
				PRODUCT_NAME = "$(TARGET_NAME)";
				SWIFT_VERSION = 5.0;
				TARGETED_DEVICE_FAMILY = "1,2";
				TEST_TARGET_NAME = TravelPlaces;
			};
			name = Debug;
		};
		E3B09B3122B1F6A80074658F /* Release */ = {
			isa = XCBuildConfiguration;
			buildSettings = {
				ALWAYS_EMBED_SWIFT_STANDARD_LIBRARIES = YES;
				CODE_SIGN_STYLE = Automatic;
				DEVELOPMENT_TEAM = 8NNVLXG34V;
				INFOPLIST_FILE = TravelPlacesUITests/Info.plist;
				LD_RUNPATH_SEARCH_PATHS = (
					"$(inherited)",
					"@executable_path/Frameworks",
					"@loader_path/Frameworks",
				);
				PRODUCT_BUNDLE_IDENTIFIER = com.karenweis.TravelPlacesUITests;
				PRODUCT_NAME = "$(TARGET_NAME)";
				SWIFT_VERSION = 5.0;
				TARGETED_DEVICE_FAMILY = "1,2";
				TEST_TARGET_NAME = TravelPlaces;
			};
			name = Release;
		};
/* End XCBuildConfiguration section */

/* Begin XCConfigurationList section */
		E3B09AF722B1F6A60074658F /* Build configuration list for PBXProject "TravelPlaces" */ = {
			isa = XCConfigurationList;
			buildConfigurations = (
				E3B09B2722B1F6A80074658F /* Debug */,
				E3B09B2822B1F6A80074658F /* Release */,
			);
			defaultConfigurationIsVisible = 0;
			defaultConfigurationName = Release;
		};
		E3B09B2922B1F6A80074658F /* Build configuration list for PBXNativeTarget "TravelPlaces" */ = {
			isa = XCConfigurationList;
			buildConfigurations = (
				E3B09B2A22B1F6A80074658F /* Debug */,
				E3B09B2B22B1F6A80074658F /* Release */,
			);
			defaultConfigurationIsVisible = 0;
			defaultConfigurationName = Release;
		};
		E3B09B2C22B1F6A80074658F /* Build configuration list for PBXNativeTarget "TravelPlacesTests" */ = {
			isa = XCConfigurationList;
			buildConfigurations = (
				E3B09B2D22B1F6A80074658F /* Debug */,
				E3B09B2E22B1F6A80074658F /* Release */,
			);
			defaultConfigurationIsVisible = 0;
			defaultConfigurationName = Release;
		};
		E3B09B2F22B1F6A80074658F /* Build configuration list for PBXNativeTarget "TravelPlacesUITests" */ = {
			isa = XCConfigurationList;
			buildConfigurations = (
				E3B09B3022B1F6A80074658F /* Debug */,
				E3B09B3122B1F6A80074658F /* Release */,
			);
			defaultConfigurationIsVisible = 0;
			defaultConfigurationName = Release;
		};
/* End XCConfigurationList section */

/* Begin XCVersionGroup section */
		E3B09B0322B1F6A60074658F /* TravelPlaces.xcdatamodeld */ = {
			isa = XCVersionGroup;
			children = (
				E3B09B0422B1F6A60074658F /* TravelPlaces.xcdatamodel */,
			);
			currentVersion = E3B09B0422B1F6A60074658F /* TravelPlaces.xcdatamodel */;
			path = TravelPlaces.xcdatamodeld;
			sourceTree = "<group>";
			versionGroupType = wrapper.xcdatamodel;
		};
/* End XCVersionGroup section */
	};
	rootObject = E3B09AF422B1F6A60074658F /* Project object */;
}
